PODS:
  - NicooSwiftRouter (0.1.0)
  - TestForRouter (0.1.0):
    - NicooSwiftRouter

DEPENDENCIES:
  - TestForRouter (from `../`)

SPEC REPOS:
  https://github.com/CocoaPods/Specs.git:
    - NicooSwiftRouter

EXTERNAL SOURCES:
  TestForRouter:
    :path: "../"

SPEC CHECKSUMS:
  NicooSwiftRouter: 8c81c6d83e9d2c3bddd06dc41b4ff5e3dd756769
  TestForRouter: dbb2fa321cef7ad9b0c98a71437c3a7c2c572362

PODFILE CHECKSUM: 21c180fb5ceb32b60a1a4a9072a4b74c66cf2626

COCOAPODS: 1.5.0
