PODS:
  - NicooSwiftRouter (0.1.2)
  - TestForRouter (0.1.0):
    - NicooSwiftRouter

DEPENDENCIES:
  - TestForRouter (from `../`)

SPEC REPOS:
  https://github.com/CocoaPods/Specs.git:
    - NicooSwiftRouter

EXTERNAL SOURCES:
  TestForRouter:
    :path: "../"

SPEC CHECKSUMS:
  NicooSwiftRouter: 1d33f1e81760f82ca1b2bf9e455b951a02b1ca5b
  TestForRouter: dbb2fa321cef7ad9b0c98a71437c3a7c2c572362

PODFILE CHECKSUM: 21c180fb5ceb32b60a1a4a9072a4b74c66cf2626

COCOAPODS: 1.5.0
